
Microsoft Visual Studio Solution File, Format Version 12.00
# Visual Studio Version 16
VisualStudioVersion = 16.0.29613.14
MinimumVisualStudioVersion = 10.0.40219.1
Project("{FAE04EC0-301F-11D3-BF4B-00C04F79EFBC}") = "ar259015MIS4200", "ar259015MIS4200.csproj", "{46CE4CA5-6F77-4E59-BC58-CE9DCE7D1E0C}"
EndProject
Global
	GlobalSection(SolutionConfigurationPlatforms) = preSolution
		Debug|Any CPU = Debug|Any CPU
		Release|Any CPU = Release|Any CPU
	EndGlobalSection
	GlobalSection(ProjectConfigurationPlatforms) = postSolution
		{46CE4CA5-6F77-4E59-BC58-CE9DCE7D1E0C}.Debug|Any CPU.ActiveCfg = Debug|Any CPU
		{46CE4CA5-6F77-4E59-BC58-CE9DCE7D1E0C}.Debug|Any CPU.Build.0 = Debug|Any CPU
		{46CE4CA5-6F77-4E59-BC58-CE9DCE7D1E0C}.Release|Any CPU.ActiveCfg = Release|Any CPU
		{46CE4CA5-6F77-4E59-BC58-CE9DCE7D1E0C}.Release|Any CPU.Build.0 = Release|Any CPU
	EndGlobalSection
	GlobalSection(SolutionProperties) = preSolution
		HideSolutionNode = FALSE
	EndGlobalSection
	GlobalSection(ExtensibilityGlobals) = postSolution
		SolutionGuid = {9C2C98E5-D4EE-4FDA-AA8D-20AD0ACB1CB6}
	EndGlobalSection
EndGlobal
